
Microsoft Visual Studio Solution File, Format Version 12.00
# Visual Studio Version 17
VisualStudioVersion = 17.0.31903.59
MinimumVisualStudioVersion = 10.0.40219.1
Project("{2150E333-8FDC-42A3-9474-1A3956D46DE8}") = "src", "src", "{827E0CD3-B72D-47B6-A68D-7590B98EB39B}"
EndProject
Project("{FAE04EC0-301F-11D3-BF4B-00C04F79EFBC}") = "SentinelAML.Domain", "src\SentinelAML.Domain\SentinelAML.Domain.csproj", "{1B91936F-5CB9-4483-8B89-46DACE1D584C}"
EndProject
Project("{FAE04EC0-301F-11D3-BF4B-00C04F79EFBC}") = "SentinelAML.Application", "src\SentinelAML.Application\SentinelAML.Application.csproj", "{30C11D50-EEEE-428F-A5A4-7FAA253C555D}"
EndProject
Project("{FAE04EC0-301F-11D3-BF4B-00C04F79EFBC}") = "SentinelAML.Persistence", "src\SentinelAML.Persistence\SentinelAML.Persistence.csproj", "{366F22ED-A448-4B44-990A-BEB5B9456C15}"
EndProject
Project("{FAE04EC0-301F-11D3-BF4B-00C04F79EFBC}") = "SentinelAML.Infrastructure", "src\SentinelAML.Infrastructure\SentinelAML.Infrastructure.csproj", "{62F952C7-D71B-4C75-8109-93671FB04BB2}"
EndProject
Project("{FAE04EC0-301F-11D3-BF4B-00C04F79EFBC}") = "SentinelAML.API", "src\SentinelAML.API\SentinelAML.API.csproj", "{3C19C17D-4C79-45AE-BE82-17A5777DB5AB}"
EndProject
Project("{FAE04EC0-301F-11D3-BF4B-00C04F79EFBC}") = "SentinelAML.UnitTests", "tests\SentinelAML.UnitTests\SentinelAML.UnitTests.csproj", "{9CD01C62-1502-4DC0-9CCD-A83FC67CA350}"
EndProject
Project("{FAE04EC0-301F-11D3-BF4B-00C04F79EFBC}") = "SentinelAML.IntegrationTests", "tests\SentinelAML.IntegrationTests\SentinelAML.IntegrationTests.csproj", "{51424E94-022D-4E02-A7E3-DC29D2ABB518}"
EndProject
Global
	GlobalSection(SolutionConfigurationPlatforms) = preSolution
		Debug|Any CPU = Debug|Any CPU
		Debug|x64 = Debug|x64
		Debug|x86 = Debug|x86
		Release|Any CPU = Release|Any CPU
		Release|x64 = Release|x64
		Release|x86 = Release|x86
	EndGlobalSection
	GlobalSection(ProjectConfigurationPlatforms) = postSolution
		{1B91936F-5CB9-4483-8B89-46DACE1D584C}.Debug|Any CPU.ActiveCfg = Debug|Any CPU
		{1B91936F-5CB9-4483-8B89-46DACE1D584C}.Debug|Any CPU.Build.0 = Debug|Any CPU
		{1B91936F-5CB9-4483-8B89-46DACE1D584C}.Debug|x64.ActiveCfg = Debug|Any CPU
		{1B91936F-5CB9-4483-8B89-46DACE1D584C}.Debug|x64.Build.0 = Debug|Any CPU
		{1B91936F-5CB9-4483-8B89-46DACE1D584C}.Debug|x86.ActiveCfg = Debug|Any CPU
		{1B91936F-5CB9-4483-8B89-46DACE1D584C}.Debug|x86.Build.0 = Debug|Any CPU
		{1B91936F-5CB9-4483-8B89-46DACE1D584C}.Release|Any CPU.ActiveCfg = Release|Any CPU
		{1B91936F-5CB9-4483-8B89-46DACE1D584C}.Release|Any CPU.Build.0 = Release|Any CPU
		{1B91936F-5CB9-4483-8B89-46DACE1D584C}.Release|x64.ActiveCfg = Release|Any CPU
		{1B91936F-5CB9-4483-8B89-46DACE1D584C}.Release|x64.Build.0 = Release|Any CPU
		{1B91936F-5CB9-4483-8B89-46DACE1D584C}.Release|x86.ActiveCfg = Release|Any CPU
		{1B91936F-5CB9-4483-8B89-46DACE1D584C}.Release|x86.Build.0 = Release|Any CPU
		{30C11D50-EEEE-428F-A5A4-7FAA253C555D}.Debug|Any CPU.ActiveCfg = Debug|Any CPU
		{30C11D50-EEEE-428F-A5A4-7FAA253C555D}.Debug|Any CPU.Build.0 = Debug|Any CPU
		{30C11D50-EEEE-428F-A5A4-7FAA253C555D}.Debug|x64.ActiveCfg = Debug|Any CPU
		{30C11D50-EEEE-428F-A5A4-7FAA253C555D}.Debug|x64.Build.0 = Debug|Any CPU
		{30C11D50-EEEE-428F-A5A4-7FAA253C555D}.Debug|x86.ActiveCfg = Debug|Any CPU
		{30C11D50-EEEE-428F-A5A4-7FAA253C555D}.Debug|x86.Build.0 = Debug|Any CPU
		{30C11D50-EEEE-428F-A5A4-7FAA253C555D}.Release|Any CPU.ActiveCfg = Release|Any CPU
		{30C11D50-EEEE-428F-A5A4-7FAA253C555D}.Release|Any CPU.Build.0 = Release|Any CPU
		{30C11D50-EEEE-428F-A5A4-7FAA253C555D}.Release|x64.ActiveCfg = Release|Any CPU
		{30C11D50-EEEE-428F-A5A4-7FAA253C555D}.Release|x64.Build.0 = Release|Any CPU
		{30C11D50-EEEE-428F-A5A4-7FAA253C555D}.Release|x86.ActiveCfg = Release|Any CPU
		{30C11D50-EEEE-428F-A5A4-7FAA253C555D}.Release|x86.Build.0 = Release|Any CPU
		{366F22ED-A448-4B44-990A-BEB5B9456C15}.Debug|Any CPU.ActiveCfg = Debug|Any CPU
		{366F22ED-A448-4B44-990A-BEB5B9456C15}.Debug|Any CPU.Build.0 = Debug|Any CPU
		{366F22ED-A448-4B44-990A-BEB5B9456C15}.Debug|x64.ActiveCfg = Debug|Any CPU
		{366F22ED-A448-4B44-990A-BEB5B9456C15}.Debug|x64.Build.0 = Debug|Any CPU
		{366F22ED-A448-4B44-990A-BEB5B9456C15}.Debug|x86.ActiveCfg = Debug|Any CPU
		{366F22ED-A448-4B44-990A-BEB5B9456C15}.Debug|x86.Build.0 = Debug|Any CPU
		{366F22ED-A448-4B44-990A-BEB5B9456C15}.Release|Any CPU.ActiveCfg = Release|Any CPU
		{366F22ED-A448-4B44-990A-BEB5B9456C15}.Release|Any CPU.Build.0 = Release|Any CPU
		{366F22ED-A448-4B44-990A-BEB5B9456C15}.Release|x64.ActiveCfg = Release|Any CPU
		{366F22ED-A448-4B44-990A-BEB5B9456C15}.Release|x64.Build.0 = Release|Any CPU
		{366F22ED-A448-4B44-990A-BEB5B9456C15}.Release|x86.ActiveCfg = Release|Any CPU
		{366F22ED-A448-4B44-990A-BEB5B9456C15}.Release|x86.Build.0 = Release|Any CPU
		{62F952C7-D71B-4C75-8109-93671FB04BB2}.Debug|Any CPU.ActiveCfg = Debug|Any CPU
		{62F952C7-D71B-4C75-8109-93671FB04BB2}.Debug|Any CPU.Build.0 = Debug|Any CPU
		{62F952C7-D71B-4C75-8109-93671FB04BB2}.Debug|x64.ActiveCfg = Debug|Any CPU
		{62F952C7-D71B-4C75-8109-93671FB04BB2}.Debug|x64.Build.0 = Debug|Any CPU
		{62F952C7-D71B-4C75-8109-93671FB04BB2}.Debug|x86.ActiveCfg = Debug|Any CPU
		{62F952C7-D71B-4C75-8109-93671FB04BB2}.Debug|x86.Build.0 = Debug|Any CPU
		{62F952C7-D71B-4C75-8109-93671FB04BB2}.Release|Any CPU.ActiveCfg = Release|Any CPU
		{62F952C7-D71B-4C75-8109-93671FB04BB2}.Release|Any CPU.Build.0 = Release|Any CPU
		{62F952C7-D71B-4C75-8109-93671FB04BB2}.Release|x64.ActiveCfg = Release|Any CPU
		{62F952C7-D71B-4C75-8109-93671FB04BB2}.Release|x64.Build.0 = Release|Any CPU
		{62F952C7-D71B-4C75-8109-93671FB04BB2}.Release|x86.ActiveCfg = Release|Any CPU
		{62F952C7-D71B-4C75-8109-93671FB04BB2}.Release|x86.Build.0 = Release|Any CPU
		{3C19C17D-4C79-45AE-BE82-17A5777DB5AB}.Debug|Any CPU.ActiveCfg = Debug|Any CPU
		{3C19C17D-4C79-45AE-BE82-17A5777DB5AB}.Debug|Any CPU.Build.0 = Debug|Any CPU
		{3C19C17D-4C79-45AE-BE82-17A5777DB5AB}.Debug|x64.ActiveCfg = Debug|Any CPU
		{3C19C17D-4C79-45AE-BE82-17A5777DB5AB}.Debug|x64.Build.0 = Debug|Any CPU
		{3C19C17D-4C79-45AE-BE82-17A5777DB5AB}.Debug|x86.ActiveCfg = Debug|Any CPU
		{3C19C17D-4C79-45AE-BE82-17A5777DB5AB}.Debug|x86.Build.0 = Debug|Any CPU
		{3C19C17D-4C79-45AE-BE82-17A5777DB5AB}.Release|Any CPU.ActiveCfg = Release|Any CPU
		{3C19C17D-4C79-45AE-BE82-17A5777DB5AB}.Release|Any CPU.Build.0 = Release|Any CPU
		{3C19C17D-4C79-45AE-BE82-17A5777DB5AB}.Release|x64.ActiveCfg = Release|Any CPU
		{3C19C17D-4C79-45AE-BE82-17A5777DB5AB}.Release|x64.Build.0 = Release|Any CPU
		{3C19C17D-4C79-45AE-BE82-17A5777DB5AB}.Release|x86.ActiveCfg = Release|Any CPU
		{3C19C17D-4C79-45AE-BE82-17A5777DB5AB}.Release|x86.Build.0 = Release|Any CPU
		{9CD01C62-1502-4DC0-9CCD-A83FC67CA350}.Debug|Any CPU.ActiveCfg = Debug|Any CPU
		{9CD01C62-1502-4DC0-9CCD-A83FC67CA350}.Debug|Any CPU.Build.0 = Debug|Any CPU
		{9CD01C62-1502-4DC0-9CCD-A83FC67CA350}.Debug|x64.ActiveCfg = Debug|Any CPU
		{9CD01C62-1502-4DC0-9CCD-A83FC67CA350}.Debug|x64.Build.0 = Debug|Any CPU
		{9CD01C62-1502-4DC0-9CCD-A83FC67CA350}.Debug|x86.ActiveCfg = Debug|Any CPU
		{9CD01C62-1502-4DC0-9CCD-A83FC67CA350}.Debug|x86.Build.0 = Debug|Any CPU
		{9CD01C62-1502-4DC0-9CCD-A83FC67CA350}.Release|Any CPU.ActiveCfg = Release|Any CPU
		{9CD01C62-1502-4DC0-9CCD-A83FC67CA350}.Release|Any CPU.Build.0 = Release|Any CPU
		{9CD01C62-1502-4DC0-9CCD-A83FC67CA350}.Release|x64.ActiveCfg = Release|Any CPU
		{9CD01C62-1502-4DC0-9CCD-A83FC67CA350}.Release|x64.Build.0 = Release|Any CPU
		{9CD01C62-1502-4DC0-9CCD-A83FC67CA350}.Release|x86.ActiveCfg = Release|Any CPU
		{9CD01C62-1502-4DC0-9CCD-A83FC67CA350}.Release|x86.Build.0 = Release|Any CPU
		{51424E94-022D-4E02-A7E3-DC29D2ABB518}.Debug|Any CPU.ActiveCfg = Debug|Any CPU
		{51424E94-022D-4E02-A7E3-DC29D2ABB518}.Debug|Any CPU.Build.0 = Debug|Any CPU
		{51424E94-022D-4E02-A7E3-DC29D2ABB518}.Debug|x64.ActiveCfg = Debug|Any CPU
		{51424E94-022D-4E02-A7E3-DC29D2ABB518}.Debug|x64.Build.0 = Debug|Any CPU
		{51424E94-022D-4E02-A7E3-DC29D2ABB518}.Debug|x86.ActiveCfg = Debug|Any CPU
		{51424E94-022D-4E02-A7E3-DC29D2ABB518}.Debug|x86.Build.0 = Debug|Any CPU
		{51424E94-022D-4E02-A7E3-DC29D2ABB518}.Release|Any CPU.ActiveCfg = Release|Any CPU
		{51424E94-022D-4E02-A7E3-DC29D2ABB518}.Release|Any CPU.Build.0 = Release|Any CPU
		{51424E94-022D-4E02-A7E3-DC29D2ABB518}.Release|x64.ActiveCfg = Release|Any CPU
		{51424E94-022D-4E02-A7E3-DC29D2ABB518}.Release|x64.Build.0 = Release|Any CPU
		{51424E94-022D-4E02-A7E3-DC29D2ABB518}.Release|x86.ActiveCfg = Release|Any CPU
		{51424E94-022D-4E02-A7E3-DC29D2ABB518}.Release|x86.Build.0 = Release|Any CPU
	EndGlobalSection
	GlobalSection(SolutionProperties) = preSolution
		HideSolutionNode = FALSE
	EndGlobalSection
	GlobalSection(NestedProjects) = preSolution
		{1B91936F-5CB9-4483-8B89-46DACE1D584C} = {827E0CD3-B72D-47B6-A68D-7590B98EB39B}
		{30C11D50-EEEE-428F-A5A4-7FAA253C555D} = {827E0CD3-B72D-47B6-A68D-7590B98EB39B}
		{366F22ED-A448-4B44-990A-BEB5B9456C15} = {827E0CD3-B72D-47B6-A68D-7590B98EB39B}
		{62F952C7-D71B-4C75-8109-93671FB04BB2} = {827E0CD3-B72D-47B6-A68D-7590B98EB39B}
		{3C19C17D-4C79-45AE-BE82-17A5777DB5AB} = {827E0CD3-B72D-47B6-A68D-7590B98EB39B}
		{9CD01C62-1502-4DC0-9CCD-A83FC67CA350} = {827E0CD3-B72D-47B6-A68D-7590B98EB39B}
		{51424E94-022D-4E02-A7E3-DC29D2ABB518} = {827E0CD3-B72D-47B6-A68D-7590B98EB39B}
	EndGlobalSection
EndGlobal
